
Microsoft Visual Studio Solution File, Format Version 12.00
# Visual Studio Version 16
VisualStudioVersion = 16.0.30804.86
MinimumVisualStudioVersion = 10.0.40219.1
Project("{FAE04EC0-301F-11D3-BF4B-00C04F79EFBC}") = "A-Level Computing Project", "A-Level Computing Project.csproj", "{2B46BF1A-A344-4D11-B4CF-8D3085549A37}"
EndProject
Global
	GlobalSection(SolutionConfigurationPlatforms) = preSolution
		Debug|Any CPU = Debug|Any CPU
		Release|Any CPU = Release|Any CPU
	EndGlobalSection
	GlobalSection(ProjectConfigurationPlatforms) = postSolution
		{2B46BF1A-A344-4D11-B4CF-8D3085549A37}.Debug|Any CPU.ActiveCfg = Debug|Any CPU
		{2B46BF1A-A344-4D11-B4CF-8D3085549A37}.Debug|Any CPU.Build.0 = Debug|Any CPU
		{2B46BF1A-A344-4D11-B4CF-8D3085549A37}.Release|Any CPU.ActiveCfg = Release|Any CPU
		{2B46BF1A-A344-4D11-B4CF-8D3085549A37}.Release|Any CPU.Build.0 = Release|Any CPU
	EndGlobalSection
	GlobalSection(SolutionProperties) = preSolution
		HideSolutionNode = FALSE
	EndGlobalSection
	GlobalSection(ExtensibilityGlobals) = postSolution
		SolutionGuid = {FD2A525D-C3FA-4EB0-A48A-F632C1A153AC}
	EndGlobalSection
EndGlobal
